// !$*UTF8*$!
{
	archiveVersion = 1;
	classes = {
	};
	objectVersion = 50;
	objects = {

/* Begin PBXBuildFile section */
		44CC091C23DEDC4E004BBC86 /* AppDelegate.swift in Sources */ = {isa = PBXBuildFile; fileRef = 44CC091B23DEDC4E004BBC86 /* AppDelegate.swift */; };
		44CC091E23DEDC4E004BBC86 /* SceneDelegate.swift in Sources */ = {isa = PBXBuildFile; fileRef = 44CC091D23DEDC4E004BBC86 /* SceneDelegate.swift */; };
		44CC092023DEDC4E004BBC86 /* ViewController.swift in Sources */ = {isa = PBXBuildFile; fileRef = 44CC091F23DEDC4E004BBC86 /* ViewController.swift */; };
		44CC092323DEDC4E004BBC86 /* Main.storyboard in Resources */ = {isa = PBXBuildFile; fileRef = 44CC092123DEDC4E004BBC86 /* Main.storyboard */; };
		44CC092523DEDC54004BBC86 /* Assets.xcassets in Resources */ = {isa = PBXBuildFile; fileRef = 44CC092423DEDC54004BBC86 /* Assets.xcassets */; };
		44CC092823DEDC54004BBC86 /* LaunchScreen.storyboard in Resources */ = {isa = PBXBuildFile; fileRef = 44CC092623DEDC54004BBC86 /* LaunchScreen.storyboard */; };
/* End PBXBuildFile section */

/* Begin PBXFileReference section */
		44CC091823DEDC4E004BBC86 /* ClearAppLaunchScreen.app */ = {isa = PBXFileReference; explicitFileType = wrapper.application; includeInIndex = 0; path = ClearAppLaunchScreen.app; sourceTree = BUILT_PRODUCTS_DIR; };
		44CC091B23DEDC4E004BBC86 /* AppDelegate.swift */ = {isa = PBXFileReference; lastKnownFileType = sourcecode.swift; path = AppDelegate.swift; sourceTree = "<group>"; };
		44CC091D23DEDC4E004BBC86 /* SceneDelegate.swift */ = {isa = PBXFileReference; lastKnownFileType = sourcecode.swift; path = SceneDelegate.swift; sourceTree = "<group>"; };
		44CC091F23DEDC4E004BBC86 /* ViewController.swift */ = {isa = PBXFileReference; lastKnownFileType = sourcecode.swift; path = ViewController.swift; sourceTree = "<group>"; };
		44CC092223DEDC4E004BBC86 /* Base */ = {isa = PBXFileReference; lastKnownFileType = file.storyboard; name = Base; path = Base.lproj/Main.storyboard; sourceTree = "<group>"; };
		44CC092423DEDC54004BBC86 /* Assets.xcassets */ = {isa = PBXFileReference; lastKnownFileType = folder.assetcatalog; path = Assets.xcassets; sourceTree = "<group>"; };
		44CC092723DEDC54004BBC86 /* Base */ = {isa = PBXFileReference; lastKnownFileType = file.storyboard; name = Base; path = Base.lproj/LaunchScreen.storyboard; sourceTree = "<group>"; };
		44CC092923DEDC54004BBC86 /* Info.plist */ = {isa = PBXFileReference; lastKnownFileType = text.plist.xml; path = Info.plist; sourceTree = "<group>"; };
/* End PBXFileReference section */

/* Begin PBXFrameworksBuildPhase section */
		44CC091523DEDC4E004BBC86 /* Frameworks */ = {
			isa = PBXFrameworksBuildPhase;
			buildActionMask = 2147483647;
			files = (
			);
			runOnlyForDeploymentPostprocessing = 0;
		};
/* End PBXFrameworksBuildPhase section */

/* Begin PBXGroup section */
		44CC090F23DEDC4E004BBC86 = {
			isa = PBXGroup;
			children = (
				44CC091A23DEDC4E004BBC86 /* ClearAppLaunchScreen */,
				44CC091923DEDC4E004BBC86 /* Products */,
			);
			sourceTree = "<group>";
		};
		44CC091923DEDC4E004BBC86 /* Products */ = {
			isa = PBXGroup;
			children = (
				44CC091823DEDC4E004BBC86 /* ClearAppLaunchScreen.app */,
			);
			name = Products;
			sourceTree = "<group>";
		};
		44CC091A23DEDC4E004BBC86 /* ClearAppLaunchScreen */ = {
			isa = PBXGroup;
			children = (
				44CC091B23DEDC4E004BBC86 /* AppDelegate.swift */,
				44CC091D23DEDC4E004BBC86 /* SceneDelegate.swift */,
				44CC091F23DEDC4E004BBC86 /* ViewController.swift */,
				44CC092123DEDC4E004BBC86 /* Main.storyboard */,
				44CC092423DEDC54004BBC86 /* Assets.xcassets */,
				44CC092623DEDC54004BBC86 /* LaunchScreen.storyboard */,
				44CC092923DEDC54004BBC86 /* Info.plist */,
			);
			path = ClearAppLaunchScreen;
			sourceTree = "<group>";
		};
/* End PBXGroup section */

/* Begin PBXNativeTarget section */
		44CC091723DEDC4E004BBC86 /* ClearAppLaunchScreen */ = {
			isa = PBXNativeTarget;
			buildConfigurationList = 44CC092C23DEDC54004BBC86 /* Build configuration list for PBXNativeTarget "ClearAppLaunchScreen" */;
			buildPhases = (
				44CC091423DEDC4E004BBC86 /* Sources */,
				44CC091523DEDC4E004BBC86 /* Frameworks */,
				44CC091623DEDC4E004BBC86 /* Resources */,
			);
			buildRules = (
			);
			dependencies = (
			);
			name = ClearAppLaunchScreen;
			productName = ClearAppLaunchScreen;
			productReference = 44CC091823DEDC4E004BBC86 /* ClearAppLaunchScreen.app */;
			productType = "com.apple.product-type.application";
		};
/* End PBXNativeTarget section */

/* Begin PBXProject section */
		44CC091023DEDC4E004BBC86 /* Project object */ = {
			isa = PBXProject;
			attributes = {
				LastSwiftUpdateCheck = 1130;
				LastUpgradeCheck = 1130;
				ORGANIZATIONNAME = "Developer Insider";
				TargetAttributes = {
					44CC091723DEDC4E004BBC86 = {
						CreatedOnToolsVersion = 11.3;
					};
				};
			};
			buildConfigurationList = 44CC091323DEDC4E004BBC86 /* Build configuration list for PBXProject "ClearAppLaunchScreen" */;
			compatibilityVersion = "Xcode 9.3";
			developmentRegion = en;
			hasScannedForEncodings = 0;
			knownRegions = (
				en,
				Base,
			);
			mainGroup = 44CC090F23DEDC4E004BBC86;
			productRefGroup = 44CC091923DEDC4E004BBC86 /* Products */;
			projectDirPath = "";
			projectRoot = "";
			targets = (
				44CC091723DEDC4E004BBC86 /* ClearAppLaunchScreen */,
			);
		};
/* End PBXProject section */

/* Begin PBXResourcesBuildPhase section */
		44CC091623DEDC4E004BBC86 /* Resources */ = {
			isa = PBXResourcesBuildPhase;
			buildActionMask = 2147483647;
			files = (
				44CC092823DEDC54004BBC86 /* LaunchScreen.storyboard in Resources */,
				44CC092523DEDC54004BBC86 /* Assets.xcassets in Resources */,
				44CC092323DEDC4E004BBC86 /* Main.storyboard in Resources */,
			);
			runOnlyForDeploymentPostprocessing = 0;
		};
/* End PBXResourcesBuildPhase section */

/* Begin PBXSourcesBuildPhase section */
		44CC091423DEDC4E004BBC86 /* Sources */ = {
			isa = PBXSourcesBuildPhase;
			buildActionMask = 2147483647;
			files = (
				44CC092023DEDC4E004BBC86 /* ViewController.swift in Sources */,
				44CC091C23DEDC4E004BBC86 /* AppDelegate.swift in Sources */,
				44CC091E23DEDC4E004BBC86 /* SceneDelegate.swift in Sources */,
			);
			runOnlyForDeploymentPostprocessing = 0;
		};
/* End PBXSourcesBuildPhase section */

/* Begin PBXVariantGroup section */
		44CC092123DEDC4E004BBC86 /* Main.storyboard */ = {
			isa = PBXVariantGroup;
			children = (
				44CC092223DEDC4E004BBC86 /* Base */,
			);
			name = Main.storyboard;
			sourceTree = "<group>";
		};
		44CC092623DEDC54004BBC86 /* LaunchScreen.storyboard */ = {
			isa = PBXVariantGroup;
			children = (
				44CC092723DEDC54004BBC86 /* Base */,
			);
			name = LaunchScreen.storyboard;
			sourceTree = "<group>";
		};
/* End PBXVariantGroup section */

/* Begin XCBuildConfiguration section */
		44CC092A23DEDC54004BBC86 /* Debug */ = {
			isa = XCBuildConfiguration;
			buildSettings = {
				ALWAYS_SEARCH_USER_PATHS = NO;
				CLANG_ANALYZER_NONNULL = YES;
				CLANG_ANALYZER_NUMBER_OBJECT_CONVERSION = YES_AGGRESSIVE;
				CLANG_CXX_LANGUAGE_STANDARD = "gnu++14";
				CLANG_CXX_LIBRARY = "libc++";
				CLANG_ENABLE_MODULES = YES;
				CLANG_ENABLE_OBJC_ARC = YES;
				CLANG_ENABLE_OBJC_WEAK = YES;
				CLANG_WARN_BLOCK_CAPTURE_AUTORELEASING = YES;
				CLANG_WARN_BOOL_CONVERSION = YES;
				CLANG_WARN_COMMA = YES;
				CLANG_WARN_CONSTANT_CONVERSION = YES;
				CLANG_WARN_DEPRECATED_OBJC_IMPLEMENTATIONS = YES;
				CLANG_WARN_DIRECT_OBJC_ISA_USAGE = YES_ERROR;
				CLANG_WARN_DOCUMENTATION_COMMENTS = YES;
				CLANG_WARN_EMPTY_BODY = YES;
				CLANG_WARN_ENUM_CONVERSION = YES;
				CLANG_WARN_INFINITE_RECURSION = YES;
				CLANG_WARN_INT_CONVERSION = YES;
				CLANG_WARN_NON_LITERAL_NULL_CONVERSION = YES;
				CLANG_WARN_OBJC_IMPLICIT_RETAIN_SELF = YES;
				CLANG_WARN_OBJC_LITERAL_CONVERSION = YES;
				CLANG_WARN_OBJC_ROOT_CLASS = YES_ERROR;
				CLANG_WARN_RANGE_LOOP_ANALYSIS = YES;
				CLANG_WARN_STRICT_PROTOTYPES = YES;
				CLANG_WARN_SUSPICIOUS_MOVE = YES;
				CLANG_WARN_UNGUARDED_AVAILABILITY = YES_AGGRESSIVE;
				CLANG_WARN_UNREACHABLE_CODE = YES;
				CLANG_WARN__DUPLICATE_METHOD_MATCH = YES;
				COPY_PHASE_STRIP = NO;
				DEBUG_INFORMATION_FORMAT = dwarf;
				ENABLE_STRICT_OBJC_MSGSEND = YES;
				ENABLE_TESTABILITY = YES;
				GCC_C_LANGUAGE_STANDARD = gnu11;
				GCC_DYNAMIC_NO_PIC = NO;
				GCC_NO_COMMON_BLOCKS = YES;
				GCC_OPTIMIZATION_LEVEL = 0;
				GCC_PREPROCESSOR_DEFINITIONS = (
					"DEBUG=1",
					"$(inherited)",
				);
				GCC_WARN_64_TO_32_BIT_CONVERSION = YES;
				GCC_WARN_ABOUT_RETURN_TYPE = YES_ERROR;
				GCC_WARN_UNDECLARED_SELECTOR = YES;
				GCC_WARN_UNINITIALIZED_AUTOS = YES_AGGRESSIVE;
				GCC_WARN_UNUSED_FUNCTION = YES;
				GCC_WARN_UNUSED_VARIABLE = YES;
				IPHONEOS_DEPLOYMENT_TARGET = 13.2;
				MTL_ENABLE_DEBUG_INFO = INCLUDE_SOURCE;
				MTL_FAST_MATH = YES;
				ONLY_ACTIVE_ARCH = YES;
				SDKROOT = iphoneos;
				SWIFT_ACTIVE_COMPILATION_CONDITIONS = DEBUG;
				SWIFT_OPTIMIZATION_LEVEL = "-Onone";
			};
			name = Debug;
		};
		44CC092B23DEDC54004BBC86 /* Release */ = {
			isa = XCBuildConfiguration;
			buildSettings = {
				ALWAYS_SEARCH_USER_PATHS = NO;
				CLANG_ANALYZER_NONNULL = YES;
				CLANG_ANALYZER_NUMBER_OBJECT_CONVERSION = YES_AGGRESSIVE;
				CLANG_CXX_LANGUAGE_STANDARD = "gnu++14";
				CLANG_CXX_LIBRARY = "libc++";
				CLANG_ENABLE_MODULES = YES;
				CLANG_ENABLE_OBJC_ARC = YES;
				CLANG_ENABLE_OBJC_WEAK = YES;
				CLANG_WARN_BLOCK_CAPTURE_AUTORELEASING = YES;
				CLANG_WARN_BOOL_CONVERSION = YES;
				CLANG_WARN_COMMA = YES;
				CLANG_WARN_CONSTANT_CONVERSION = YES;
				CLANG_WARN_DEPRECATED_OBJC_IMPLEMENTATIONS = YES;
				CLANG_WARN_DIRECT_OBJC_ISA_USAGE = YES_ERROR;
				CLANG_WARN_DOCUMENTATION_COMMENTS = YES;
				CLANG_WARN_EMPTY_BODY = YES;
				CLANG_WARN_ENUM_CONVERSION = YES;
				CLANG_WARN_INFINITE_RECURSION = YES;
				CLANG_WARN_INT_CONVERSION = YES;
				CLANG_WARN_NON_LITERAL_NULL_CONVERSION = YES;
				CLANG_WARN_OBJC_IMPLICIT_RETAIN_SELF = YES;
				CLANG_WARN_OBJC_LITERAL_CONVERSION = YES;
				CLANG_WARN_OBJC_ROOT_CLASS = YES_ERROR;
				CLANG_WARN_RANGE_LOOP_ANALYSIS = YES;
				CLANG_WARN_STRICT_PROTOTYPES = YES;
				CLANG_WARN_SUSPICIOUS_MOVE = YES;
				CLANG_WARN_UNGUARDED_AVAILABILITY = YES_AGGRESSIVE;
				CLANG_WARN_UNREACHABLE_CODE = YES;
				CLANG_WARN__DUPLICATE_METHOD_MATCH = YES;
				COPY_PHASE_STRIP = NO;
				DEBUG_INFORMATION_FORMAT = "dwarf-with-dsym";
				ENABLE_NS_ASSERTIONS = NO;
				ENABLE_STRICT_OBJC_MSGSEND = YES;
				GCC_C_LANGUAGE_STANDARD = gnu11;
				GCC_NO_COMMON_BLOCKS = YES;
				GCC_WARN_64_TO_32_BIT_CONVERSION = YES;
				GCC_WARN_ABOUT_RETURN_TYPE = YES_ERROR;
				GCC_WARN_UNDECLARED_SELECTOR = YES;
				GCC_WARN_UNINITIALIZED_AUTOS = YES_AGGRESSIVE;
				GCC_WARN_UNUSED_FUNCTION = YES;
				GCC_WARN_UNUSED_VARIABLE = YES;
				IPHONEOS_DEPLOYMENT_TARGET = 13.2;
				MTL_ENABLE_DEBUG_INFO = NO;
				MTL_FAST_MATH = YES;
				SDKROOT = iphoneos;
				SWIFT_COMPILATION_MODE = wholemodule;
				SWIFT_OPTIMIZATION_LEVEL = "-O";
				VALIDATE_PRODUCT = YES;
			};
			name = Release;
		};
		44CC092D23DEDC54004BBC86 /* Debug */ = {
			isa = XCBuildConfiguration;
			buildSettings = {
				ASSETCATALOG_COMPILER_APPICON_NAME = AppIcon;
				CODE_SIGN_STYLE = Automatic;
				DEVELOPMENT_TEAM = AFDKURH36K;
				INFOPLIST_FILE = ClearAppLaunchScreen/Info.plist;
				LD_RUNPATH_SEARCH_PATHS = (
					"$(inherited)",
					"@executable_path/Frameworks",
				);
				PRODUCT_BUNDLE_IDENTIFIER = co.di.ClearAppLaunchScreen;
				PRODUCT_NAME = "$(TARGET_NAME)";
				SWIFT_VERSION = 5.0;
				TARGETED_DEVICE_FAMILY = "1,2";
			};
			name = Debug;
		};
		44CC092E23DEDC54004BBC86 /* Release */ = {
			isa = XCBuildConfiguration;
			buildSettings = {
				ASSETCATALOG_COMPILER_APPICON_NAME = AppIcon;
				CODE_SIGN_STYLE = Automatic;
				DEVELOPMENT_TEAM = AFDKURH36K;
				INFOPLIST_FILE = ClearAppLaunchScreen/Info.plist;
				LD_RUNPATH_SEARCH_PATHS = (
					"$(inherited)",
					"@executable_path/Frameworks",
				);
				PRODUCT_BUNDLE_IDENTIFIER = co.di.ClearAppLaunchScreen;
				PRODUCT_NAME = "$(TARGET_NAME)";
				SWIFT_VERSION = 5.0;
				TARGETED_DEVICE_FAMILY = "1,2";
			};
			name = Release;
		};
/* End XCBuildConfiguration section */

/* Begin XCConfigurationList section */
		44CC091323DEDC4E004BBC86 /* Build configuration list for PBXProject "ClearAppLaunchScreen" */ = {
			isa = XCConfigurationList;
			buildConfigurations = (
				44CC092A23DEDC54004BBC86 /* Debug */,
				44CC092B23DEDC54004BBC86 /* Release */,
			);
			defaultConfigurationIsVisible = 0;
			defaultConfigurationName = Release;
		};
		44CC092C23DEDC54004BBC86 /* Build configuration list for PBXNativeTarget "ClearAppLaunchScreen" */ = {
			isa = XCConfigurationList;
			buildConfigurations = (
				44CC092D23DEDC54004BBC86 /* Debug */,
				44CC092E23DEDC54004BBC86 /* Release */,
			);
			defaultConfigurationIsVisible = 0;
			defaultConfigurationName = Release;
		};
/* End XCConfigurationList section */
	};
	rootObject = 44CC091023DEDC4E004BBC86 /* Project object */;
}
